<?xml version="1.0" encoding="utf-8"?>
<Project ToolsVersion="4.0" xmlns="http://schemas.microsoft.com/developer/msbuild/2003">
  <ItemGroup>
    <Filter Include="Source Files">
      <UniqueIdentifier>{4FC737F1-C7A5-4376-A066-2A32D752A2FF}</UniqueIdentifier>
      <Extensions>cpp;c;cc;cxx;def;odl;idl;hpj;bat;asm;asmx</Extensions>
    </Filter>
    <Filter Include="Header Files">
      <UniqueIdentifier>{93995380-89BD-4b04-88EB-625FBE52EBFB}</UniqueIdentifier>
      <Extensions>h;hh;hpp;hxx;hm;inl;inc;xsd</Extensions>
    </Filter>
    <Filter Include="Resource Files">
      <UniqueIdentifier>{67DA6AB6-F800-4c08-8B7A-83BB121AAD01}</UniqueIdentifier>
      <Extensions>rc;ico;cur;bmp;dlg;rc2;rct;bin;rgs;gif;jpg;jpeg;jpe;resx;tiff;tif;png;wav;mfcribbon-ms</Extensions>
    </Filter>
    <Filter Include="Source Files\States">
      <UniqueIdentifier>{3fec53d4-82d2-4753-9b69-c20d5d8f9291}</UniqueIdentifier>
    </Filter>
    <Filter Include="Header Files\States">
      <UniqueIdentifier>{6f2f1dde-c171-4960-9ed1-53be819aad62}</UniqueIdentifier>
    </Filter>
    <Filter Include="Source Files\Misc">
      <UniqueIdentifier>{fea9350c-2f77-4f80-9290-04eb7aa03f81}</UniqueIdentifier>
    </Filter>
    <Filter Include="Header Files\Misc">
      <UniqueIdentifier>{c75773d4-c310-4f89-afb6-b82d35c00aa0}</UniqueIdentifier>
    </Filter>
    <Filter Include="Source Files\Components">
      <UniqueIdentifier>{446c6f57-5bc5-48cb-a080-e36c820b0f46}</UniqueIdentifier>
    </Filter>
    <Filter Include="Header Files\Components">
      <UniqueIdentifier>{76997467-967b-4950-806a-6ad3a3c12981}</UniqueIdentifier>
    </Filter>
    <Filter Include="Header Files\Input">
      <UniqueIdentifier>{7f8d2d5e-13e6-4536-98ed-50a7b127e6ca}</UniqueIdentifier>
    </Filter>
    <Filter Include="Source Files\Input">
      <UniqueIdentifier>{d4bc987b-a91e-4af9-b603-1e9663de23c2}</UniqueIdentifier>
    </Filter>
    <Filter Include="Header Files\Internal">
      <UniqueIdentifier>{7b28ffc0-79f8-42ae-9696-c1c3f967d2ac}</UniqueIdentifier>
    </Filter>
    <Filter Include="Header Files\Internal\Networking">
      <UniqueIdentifier>{40cd4431-d51b-4923-b093-5a6f04216fbd}</UniqueIdentifier>
    </Filter>
    <Filter Include="Source Files\Internal">
      <UniqueIdentifier>{ccff4241-4b3f-4728-bdbc-83f00f0fc883}</UniqueIdentifier>
    </Filter>
    <Filter Include="Source Files\Internal\Networking">
      <UniqueIdentifier>{456d37cd-6f10-408a-9a8d-8509c227a85b}</UniqueIdentifier>
    </Filter>
    <Filter Include="Header Files\Internal\Dependencies">
      <UniqueIdentifier>{9b6c39aa-8eb8-4c3b-9df7-1abffcf41d06}</UniqueIdentifier>
    </Filter>
    <Filter Include="Header Files\Misc\Debug Drawer">
      <UniqueIdentifier>{597bb339-8deb-47ca-842f-f51bba1e82e5}</UniqueIdentifier>
    </Filter>
    <Filter Include="Source Files\Misc\Debug Drawer">
      <UniqueIdentifier>{a2d0f36d-87b5-43b2-a2cd-503a9fca1865}</UniqueIdentifier>
    </Filter>
    <Filter Include="Source Files\Mobile UI">
      <UniqueIdentifier>{b09b227c-245c-4b76-a667-b0b0bf501506}</UniqueIdentifier>
    </Filter>
    <Filter Include="Header Files\Mobile UI">
      <UniqueIdentifier>{ce509747-1ecb-4be1-950b-87272ac22e79}</UniqueIdentifier>
    </Filter>
  </ItemGroup>
  <ItemGroup>
    <ClCompile Include="main.cpp">
      <Filter>Source Files</Filter>
    </ClCompile>
    <ClCompile Include="Platform.cpp">
      <Filter>Source Files</Filter>
    </ClCompile>
    <ClCompile Include="states\StateManager.cpp">
      <Filter>Source Files\States</Filter>
    </ClCompile>
    <ClCompile Include="states\State.cpp">
      <Filter>Source Files\States</Filter>
    </ClCompile>
    <ClCompile Include="states\Game.cpp">
      <Filter>Source Files\States</Filter>
    </ClCompile>
    <ClCompile Include="Texture.cpp">
      <Filter>Source Files</Filter>
    </ClCompile>
    <ClCompile Include="GameModel.cpp">
      <Filter>Source Files</Filter>
    </ClCompile>
    <ClCompile Include="Shader.cpp">
      <Filter>Source Files</Filter>
    </ClCompile>
    <ClCompile Include="ResourceManager.cpp">
      <Filter>Source Files</Filter>
    </ClCompile>
    <ClCompile Include="Audio.cpp">
      <Filter>Source Files</Filter>
    </ClCompile>
    <ClCompile Include="Resource.cpp">
      <Filter>Source Files</Filter>
    </ClCompile>
    <ClCompile Include="misc\Utility.cpp">
      <Filter>Source Files\Misc</Filter>
    </ClCompile>
    <ClCompile Include="misc\Log.cpp">
      <Filter>Source Files\Misc</Filter>
    </ClCompile>
    <ClCompile Include="misc\Colour.cpp">
      <Filter>Source Files\Misc</Filter>
    </ClCompile>
    <ClCompile Include="GameObject.cpp">
      <Filter>Source Files</Filter>
    </ClCompile>
    <ClCompile Include="Graphics.cpp">
      <Filter>Source Files</Filter>
    </ClCompile>
    <ClCompile Include="Material.cpp">
      <Filter>Source Files</Filter>
    </ClCompile>
    <ClCompile Include="Mesh.cpp">
      <Filter>Source Files</Filter>
    </ClCompile>
    <ClCompile Include="input\Controller.cpp">
      <Filter>Source Files\Input</Filter>
    </ClCompile>
    <ClCompile Include="input\InputManager.cpp">
      <Filter>Source Files\Input</Filter>
    </ClCompile>
    <ClCompile Include="components\Camera.cpp">
      <Filter>Source Files\Components</Filter>
    </ClCompile>
    <ClCompile Include="components\Collider.cpp">
      <Filter>Source Files\Components</Filter>
    </ClCompile>
    <ClCompile Include="components\Component.cpp">
      <Filter>Source Files\Components</Filter>
    </ClCompile>
    <ClCompile Include="components\MeshComponent.cpp">
      <Filter>Source Files\Components</Filter>
    </ClCompile>
    <ClCompile Include="components\MeshRenderer.cpp">
      <Filter>Source Files\Components</Filter>
    </ClCompile>
    <ClCompile Include="components\SphereCollider.cpp">
      <Filter>Source Files\Components</Filter>
    </ClCompile>
    <ClCompile Include="components\Transform.cpp">
      <Filter>Source Files\Components</Filter>
    </ClCompile>
    <ClCompile Include="misc\AABB.cpp">
      <Filter>Source Files\Misc</Filter>
    </ClCompile>
    <ClCompile Include="misc\CustomDestructors.cpp">
      <Filter>Source Files\Misc</Filter>
    </ClCompile>
    <ClCompile Include="misc\GameVariables.cpp">
      <Filter>Source Files\Misc</Filter>
    </ClCompile>
    <ClCompile Include="misc\OBJLoader.cpp">
      <Filter>Source Files\Misc</Filter>
    </ClCompile>
    <ClCompile Include="components\Light.cpp">
      <Filter>Source Files</Filter>
    </ClCompile>
    <ClCompile Include="misc\DeltaTime.cpp">
      <Filter>Source Files\Misc</Filter>
    </ClCompile>
    <ClCompile Include="misc\Random.cpp">
      <Filter>Source Files\Misc</Filter>
    </ClCompile>
    <ClCompile Include="HeightMap.cpp">
      <Filter>Source Files</Filter>
    </ClCompile>
    <ClCompile Include="Physics.cpp">
      <Filter>Source Files</Filter>
    </ClCompile>
    <ClCompile Include="components\CollisionShape.cpp">
      <Filter>Source Files\Components</Filter>
    </ClCompile>
    <ClCompile Include="components\RigidBody.cpp">
      <Filter>Source Files\Components</Filter>
    </ClCompile>
    <ClCompile Include="misc\BulletDebugDrawer.cpp">
      <Filter>Source Files\Misc</Filter>
    </ClCompile>
    <ClCompile Include="Socket.cpp">
      <Filter>Source Files</Filter>
    </ClCompile>
    <ClCompile Include="internal\networking\SocketBase.cpp">
      <Filter>Source Files\Internal\Networking</Filter>
    </ClCompile>
    <ClCompile Include="internal\networking\UNIXSocket.cpp">
      <Filter>Source Files\Internal\Networking</Filter>
    </ClCompile>
    <ClCompile Include="internal\networking\WindowsSocket.cpp">
      <Filter>Source Files\Internal\Networking</Filter>
    </ClCompile>
    <ClCompile Include="misc\debugDrawer\DebugDrawer.cpp">
      <Filter>Source Files\Misc\Debug Drawer</Filter>
    </ClCompile>
    <ClCompile Include="misc\debugDrawer\ContactPoint.cpp">
      <Filter>Source Files\Misc\Debug Drawer</Filter>
    </ClCompile>
    <ClCompile Include="misc\debugDrawer\Line.cpp">
      <Filter>Source Files\Misc\Debug Drawer</Filter>
    </ClCompile>
    <ClCompile Include="misc\debugDrawer\DebugPrimitives.cpp">
      <Filter>Source Files\Misc\Debug Drawer</Filter>
    </ClCompile>
    <ClCompile Include="mobileUI\MobileGameUI.cpp">
      <Filter>Source Files\Mobile UI</Filter>
    </ClCompile>
    <ClCompile Include="mobileUI\QRCode.cpp">
      <Filter>Source Files\Mobile UI</Filter>
    </ClCompile>
    <ClCompile Include="misc\MotionState.cpp">
      <Filter>Source Files\Misc</Filter>
    </ClCompile>
  </ItemGroup>
  <ItemGroup>
    <ClInclude Include="Platform.h">
      <Filter>Header Files</Filter>
    </ClInclude>
    <ClInclude Include="states\State.h">
      <Filter>Header Files\States</Filter>
    </ClInclude>
    <ClInclude Include="states\StateManager.h">
      <Filter>Header Files\States</Filter>
    </ClInclude>
    <ClInclude Include="states\Game.h">
      <Filter>Header Files\States</Filter>
    </ClInclude>
    <ClInclude Include="Texture.h">
      <Filter>Header Files</Filter>
    </ClInclude>
    <ClInclude Include="GameModel.h">
      <Filter>Header Files</Filter>
    </ClInclude>
    <ClInclude Include="Shader.h">
      <Filter>Header Files</Filter>
    </ClInclude>
    <ClInclude Include="ResourceManager.h">
      <Filter>Header Files</Filter>
    </ClInclude>
    <ClInclude Include="Audio.h">
      <Filter>Header Files</Filter>
    </ClInclude>
    <ClInclude Include="Resource.h">
      <Filter>Header Files</Filter>
    </ClInclude>
    <ClInclude Include="misc\Utility.h">
      <Filter>Header Files\Misc</Filter>
    </ClInclude>
    <ClInclude Include="misc\Vec2.h">
      <Filter>Header Files\Misc</Filter>
    </ClInclude>
    <ClInclude Include="misc\Vec3.h">
      <Filter>Header Files\Misc</Filter>
    </ClInclude>
    <ClInclude Include="misc\Vertex.h">
      <Filter>Header Files\Misc</Filter>
    </ClInclude>
    <ClInclude Include="misc\Log.h">
      <Filter>Header Files\Misc</Filter>
    </ClInclude>
    <ClInclude Include="misc\Colour.h">
      <Filter>Header Files\Misc</Filter>
    </ClInclude>
    <ClInclude Include="GameObject.h">
      <Filter>Header Files</Filter>
    </ClInclude>
    <ClInclude Include="Graphics.h">
      <Filter>Header Files</Filter>
    </ClInclude>
    <ClInclude Include="Material.h">
      <Filter>Header Files</Filter>
    </ClInclude>
    <ClInclude Include="Mesh.h">
      <Filter>Header Files</Filter>
    </ClInclude>
    <ClInclude Include="input\Controller.h">
      <Filter>Header Files\Input</Filter>
    </ClInclude>
    <ClInclude Include="input\InputManager.h">
      <Filter>Header Files\Input</Filter>
    </ClInclude>
    <ClInclude Include="components\Camera.h">
      <Filter>Header Files\Components</Filter>
    </ClInclude>
    <ClInclude Include="components\Collider.h">
      <Filter>Header Files\Components</Filter>
    </ClInclude>
    <ClInclude Include="components\Component.h">
      <Filter>Header Files\Components</Filter>
    </ClInclude>
    <ClInclude Include="components\MeshComponent.h">
      <Filter>Header Files\Components</Filter>
    </ClInclude>
    <ClInclude Include="components\MeshRenderer.h">
      <Filter>Header Files\Components</Filter>
    </ClInclude>
    <ClInclude Include="components\SphereCollider.h">
      <Filter>Header Files\Components</Filter>
    </ClInclude>
    <ClInclude Include="components\Transform.h">
      <Filter>Header Files\Components</Filter>
    </ClInclude>
    <ClInclude Include="misc\AABB.h">
      <Filter>Header Files\Misc</Filter>
    </ClInclude>
    <ClInclude Include="misc\CustomDestructors.h">
      <Filter>Header Files\Misc</Filter>
    </ClInclude>
    <ClInclude Include="misc\GameVariables.h">
      <Filter>Header Files\Misc</Filter>
    </ClInclude>
    <ClInclude Include="misc\OBJLoader.h">
      <Filter>Header Files\Misc</Filter>
    </ClInclude>
    <ClInclude Include="components\Light.h">
      <Filter>Header Files\Components</Filter>
    </ClInclude>
    <ClInclude Include="misc\DeltaTime.h">
      <Filter>Header Files\Misc</Filter>
    </ClInclude>
    <ClInclude Include="misc\Random.h">
      <Filter>Header Files\Misc</Filter>
    </ClInclude>
    <ClInclude Include="HeightMap.h">
      <Filter>Header Files</Filter>
    </ClInclude>
    <ClInclude Include="Physics.h">
      <Filter>Header Files</Filter>
    </ClInclude>
    <ClInclude Include="components\CollisionShape.h">
      <Filter>Header Files\Components</Filter>
    </ClInclude>
    <ClInclude Include="components\RigidBody.h">
      <Filter>Header Files\Components</Filter>
    </ClInclude>
    <ClInclude Include="misc\BulletDebugDrawer.h">
      <Filter>Header Files\Misc</Filter>
    </ClInclude>
    <ClInclude Include="Socket.h">
      <Filter>Header Files</Filter>
    </ClInclude>
    <ClInclude Include="internal\networking\SocketBase.h">
      <Filter>Header Files\Internal\Networking</Filter>
    </ClInclude>
    <ClInclude Include="internal\networking\UNIXSocket.h">
      <Filter>Header Files\Internal\Networking</Filter>
    </ClInclude>
    <ClInclude Include="internal\networking\WindowsSocket.h">
      <Filter>Header Files\Internal\Networking</Filter>
    </ClInclude>
    <ClInclude Include="internal\dependencies\btBulletDynamicsCommon.h">
      <Filter>Header Files\Internal\Dependencies</Filter>
    </ClInclude>
    <ClInclude Include="misc\debugDrawer\DebugDrawer.h">
      <Filter>Header Files\Misc\Debug Drawer</Filter>
    </ClInclude>
    <ClInclude Include="misc\debugDrawer\ContactPoint.h">
      <Filter>Header Files\Misc\Debug Drawer</Filter>
    </ClInclude>
    <ClInclude Include="misc\debugDrawer\Line.h">
      <Filter>Header Files\Misc\Debug Drawer</Filter>
    </ClInclude>
    <ClInclude Include="misc\debugDrawer\DebugPrimitives.h">
      <Filter>Header Files\Misc\Debug Drawer</Filter>
    </ClInclude>
    <ClInclude Include="mobileUI\MobileGameUI.h">
      <Filter>Header Files\Mobile UI</Filter>
    </ClInclude>
    <ClInclude Include="mobileUI\QRCode.h">
      <Filter>Header Files\Mobile UI</Filter>
    </ClInclude>
    <ClInclude Include="misc\MotionState.h">
      <Filter>Header Files\Misc</Filter>
    </ClInclude>
  </ItemGroup>
</Project>